
Microsoft Visual Studio Solution File, Format Version 12.00
# Visual Studio 14
VisualStudioVersion = 14.0.25420.1
MinimumVisualStudioVersion = 10.0.40219.1
Project("{FAE04EC0-301F-11D3-BF4B-00C04F79EFBC}") = "Imbick.Assistant.WebApi", "Imbick.Assistant.WebApi\Imbick.Assistant.WebApi.csproj", "{0911F23C-6719-490A-9E49-525118806817}"
EndProject
Project("{FAE04EC0-301F-11D3-BF4B-00C04F79EFBC}") = "Imbick.Assistant.Core", "Imbick.Assistant.Core\Imbick.Assistant.Core.csproj", "{BE0C578B-1E61-4ACF-B77B-B671C2668EC0}"
EndProject
Project("{FAE04EC0-301F-11D3-BF4B-00C04F79EFBC}") = "Imbick.Assistant.Service", "Imbick.Assistant.Service\Imbick.Assistant.Service.csproj", "{6851DD81-9808-419D-907B-1F6D823F5A3F}"
EndProject
Project("{2150E333-8FDC-42A3-9474-1A3956D46DE8}") = "Solution Items", "Solution Items", "{219310B4-7D38-44AD-B15C-32F935EBAC06}"
	ProjectSection(SolutionItems) = preProject
		install.bat = install.bat
		kill.bat = kill.bat
		uninstall.bat = uninstall.bat
	EndProjectSection
EndProject
Project("{FAE04EC0-301F-11D3-BF4B-00C04F79EFBC}") = "Imbick.Assistant.Core.UnitTests", "Imbick.Assistant.Core.UnitTests\Imbick.Assistant.Core.UnitTests.csproj", "{5FBA0F39-532A-47FC-9C24-D0F92E2428FF}"
EndProject
Global
	GlobalSection(SolutionConfigurationPlatforms) = preSolution
		Debug|Any CPU = Debug|Any CPU
		Release|Any CPU = Release|Any CPU
	EndGlobalSection
	GlobalSection(ProjectConfigurationPlatforms) = postSolution
		{0911F23C-6719-490A-9E49-525118806817}.Debug|Any CPU.ActiveCfg = Debug|Any CPU
		{0911F23C-6719-490A-9E49-525118806817}.Debug|Any CPU.Build.0 = Debug|Any CPU
		{0911F23C-6719-490A-9E49-525118806817}.Release|Any CPU.ActiveCfg = Release|Any CPU
		{0911F23C-6719-490A-9E49-525118806817}.Release|Any CPU.Build.0 = Release|Any CPU
		{BE0C578B-1E61-4ACF-B77B-B671C2668EC0}.Debug|Any CPU.ActiveCfg = Debug|Any CPU
		{BE0C578B-1E61-4ACF-B77B-B671C2668EC0}.Debug|Any CPU.Build.0 = Debug|Any CPU
		{BE0C578B-1E61-4ACF-B77B-B671C2668EC0}.Release|Any CPU.ActiveCfg = Release|Any CPU
		{BE0C578B-1E61-4ACF-B77B-B671C2668EC0}.Release|Any CPU.Build.0 = Release|Any CPU
		{6851DD81-9808-419D-907B-1F6D823F5A3F}.Debug|Any CPU.ActiveCfg = Debug|Any CPU
		{6851DD81-9808-419D-907B-1F6D823F5A3F}.Debug|Any CPU.Build.0 = Debug|Any CPU
		{6851DD81-9808-419D-907B-1F6D823F5A3F}.Release|Any CPU.ActiveCfg = Release|Any CPU
		{6851DD81-9808-419D-907B-1F6D823F5A3F}.Release|Any CPU.Build.0 = Release|Any CPU
		{5FBA0F39-532A-47FC-9C24-D0F92E2428FF}.Debug|Any CPU.ActiveCfg = Debug|Any CPU
		{5FBA0F39-532A-47FC-9C24-D0F92E2428FF}.Debug|Any CPU.Build.0 = Debug|Any CPU
		{5FBA0F39-532A-47FC-9C24-D0F92E2428FF}.Release|Any CPU.ActiveCfg = Release|Any CPU
		{5FBA0F39-532A-47FC-9C24-D0F92E2428FF}.Release|Any CPU.Build.0 = Release|Any CPU
	EndGlobalSection
	GlobalSection(SolutionProperties) = preSolution
		HideSolutionNode = FALSE
	EndGlobalSection
EndGlobal
